Microsoft Visual Studio Solution File, Format Version 12.00
# Visual Studio 2012
Project("{FAE04EC0-301F-11D3-BF4B-00C04F79EFBC}") = "Adventure", "Adventure.csproj", "{9B414D12-9B10-4DE3-A2F2-C0E4AD43649F}"
EndProject
Global
	GlobalSection(SolutionConfigurationPlatforms) = preSolution
	Debug|Any CPU = Debug|Any CPU
	ExportDebug|Any CPU = ExportDebug|Any CPU
	ExportRelease|Any CPU = ExportRelease|Any CPU
	EndGlobalSection
	GlobalSection(ProjectConfigurationPlatforms) = postSolution
		{9B414D12-9B10-4DE3-A2F2-C0E4AD43649F}.Debug|Any CPU.ActiveCfg = Debug|Any CPU
		{9B414D12-9B10-4DE3-A2F2-C0E4AD43649F}.Debug|Any CPU.Build.0 = Debug|Any CPU
		{9B414D12-9B10-4DE3-A2F2-C0E4AD43649F}.ExportDebug|Any CPU.ActiveCfg = ExportDebug|Any CPU
		{9B414D12-9B10-4DE3-A2F2-C0E4AD43649F}.ExportDebug|Any CPU.Build.0 = ExportDebug|Any CPU
		{9B414D12-9B10-4DE3-A2F2-C0E4AD43649F}.ExportRelease|Any CPU.ActiveCfg = ExportRelease|Any CPU
		{9B414D12-9B10-4DE3-A2F2-C0E4AD43649F}.ExportRelease|Any CPU.Build.0 = ExportRelease|Any CPU
	EndGlobalSection
EndGlobal
